{
  "nodes": {
    "boomer": {
      "inputs": {
        "flake-utils": "flake-utils",
        "nixpkgs": "nixpkgs"
      },
      "locked": {
        "lastModified": 1751400242,
        "narHash": "sha256-LMW+1VjVr3MXFpQRBwC31acQl9zn/FcXmmQeQieJHZY=",
        "owner": "fpekal",
        "repo": "boomer",
        "rev": "56aaa6042f8b057a2436732b20f304eacb30e2b4",
        "type": "github"
      },
      "original": {
        "owner": "fpekal",
        "repo": "boomer",
        "type": "github"
      }
    },
    "fairfax-nerdfont": {
      "inputs": {
        "nixpkgs": [
          "nixpkgs"
        ]
      },
      "locked": {
        "lastModified": 1755174332,
        "narHash": "sha256-FPi23zJy0mtSFBJ2iyf0h7gJO5g6VUsjev+RT7diJec=",
        "owner": "fpekal-nixos",
        "repo": "FairfaxNerdfont",
        "rev": "a5140f663f446d57b29fe59f589be6c3f9bb4b1b",
        "type": "github"
      },
      "original": {
        "owner": "fpekal-nixos",
        "repo": "FairfaxNerdfont",
        "type": "github"
      }
    },
    "flake-utils": {
      "inputs": {
        "systems": "systems"
      },
      "locked": {
        "lastModified": 1731533236,
        "narHash": "sha256-l0KFg5HjrsfsO/JpG+r7fRrqm12kzFHyUHqHCVpMMbI=",
        "owner": "numtide",
        "repo": "flake-utils",
        "rev": "11707dc2f618dd54ca8739b309ec4fc024de578b",
        "type": "github"
      },
      "original": {
        "owner": "numtide",
        "repo": "flake-utils",
        "type": "github"
      }
    },
    "framework": {
      "inputs": {
        "nixpkgs": [
          "nixosBlankSystem",
          "nixpkgs"
        ]
      },
      "locked": {
        "path": "./framework",
        "type": "path"
      },
      "original": {
        "path": "./framework",
        "type": "path"
      },
      "parent": [
        "nixosBlankSystem"
      ]
    },
    "home-manager": {
      "inputs": {
        "nixpkgs": [
          "nixpkgs"
        ]
      },
      "locked": {
        "lastModified": 1752544374,
        "narHash": "sha256-ReX0NG6nIAEtQQjLqeu1vUU2jjZuMlpymNtb4VQYeus=",
        "owner": "nix-community",
        "repo": "home-manager",
        "rev": "2e00ed310c218127e02ffcf28ddd4e0f669fde3e",
        "type": "github"
      },
      "original": {
        "owner": "nix-community",
        "ref": "release-25.05",
        "repo": "home-manager",
        "type": "github"
      }
    },
    "impermanence": {
      "locked": {
        "lastModified": 1737831083,
        "narHash": "sha256-LJggUHbpyeDvNagTUrdhe/pRVp4pnS6wVKALS782gRI=",
        "owner": "nix-community",
        "repo": "impermanence",
        "rev": "4b3e914cdf97a5b536a889e939fb2fd2b043a170",
        "type": "github"
      },
      "original": {
        "owner": "nix-community",
        "repo": "impermanence",
        "type": "github"
      }
    },
    "impurity": {
      "locked": {
        "lastModified": 1689836741,
        "narHash": "sha256-82KeRg2sAqDXCdzVs8P8GoqVaPsZjkWgrfsj6kgOLTY=",
        "owner": "outfoxxed",
        "repo": "impurity.nix",
        "rev": "bbc41b69ab5485cd55aa315d08cff865781d3913",
        "type": "github"
      },
      "original": {
        "owner": "outfoxxed",
        "repo": "impurity.nix",
        "type": "github"
      }
    },
    "nixosBlankSystem": {
      "inputs": {
        "framework": "framework",
        "nixpkgs": [
          "nixpkgs"
        ]
      },
      "locked": {
        "lastModified": 1749758151,
        "narHash": "sha256-sPutcLQeZIRihTCr9tirlPjXksOt6jpcycGrTh9TufY=",
        "owner": "fpekal-nixos",
        "repo": "nixos-template",
        "rev": "f3d8a69c28c97cd2bc7973de4ecdb7fd88ea785b",
        "type": "github"
      },
      "original": {
        "owner": "fpekal-nixos",
        "repo": "nixos-template",
        "type": "github"
      }
    },
    "nixpkgs": {
      "locked": {
        "lastModified": 1737062831,
        "narHash": "sha256-Tbk1MZbtV2s5aG+iM99U8FqwxU/YNArMcWAv6clcsBc=",
        "path": "/nix/store/l9nb64iii15y0nr37qrs1cfm6rlpg6gh-source",
        "rev": "5df43628fdf08d642be8ba5b3625a6c70731c19c",
        "type": "path"
      },
      "original": {
        "id": "nixpkgs",
        "type": "indirect"
      }
    },
    "nixpkgs_2": {
      "locked": {
        "lastModified": 1752436162,
        "narHash": "sha256-Kt1UIPi7kZqkSc5HVj6UY5YLHHEzPBkgpNUByuyxtlw=",
        "owner": "NixOS",
        "repo": "nixpkgs",
        "rev": "dfcd5b901dbab46c9c6e80b265648481aafb01f8",
        "type": "github"
      },
      "original": {
        "owner": "NixOS",
        "ref": "nixos-25.05",
        "repo": "nixpkgs",
        "type": "github"
      }
    },
    "nixpkgs_3": {
      "locked": {
        "lastModified": 1755027561,
        "narHash": "sha256-IVft239Bc8p8Dtvf7UAACMG5P3ZV+3/aO28gXpGtMXI=",
        "owner": "nixos",
        "repo": "nixpkgs",
        "rev": "005433b926e16227259a1843015b5b2b7f7d1fc3",
        "type": "github"
      },
      "original": {
        "owner": "nixos",
        "ref": "nixos-unstable",
        "repo": "nixpkgs",
        "type": "github"
      }
    },
    "radiod": {
      "inputs": {
        "nixpkgs": "nixpkgs_3"
      },
      "locked": {
        "lastModified": 1752140686,
        "narHash": "sha256-crjMP9qOV2Sn/XnQZ+IUf0+Q3RFj5UZW9Br57mudy4Q=",
        "owner": "fpekal",
        "repo": "radiod",
        "rev": "2299f8eafdaff0ff65977a9cbb6af14d860fcf1d",
        "type": "github"
      },
      "original": {
        "owner": "fpekal",
        "repo": "radiod",
        "type": "github"
      }
    },
    "root": {
      "inputs": {
        "boomer": "boomer",
        "fairfax-nerdfont": "fairfax-nerdfont",
        "home-manager": "home-manager",
        "impermanence": "impermanence",
        "impurity": "impurity",
        "nixosBlankSystem": "nixosBlankSystem",
        "nixpkgs": "nixpkgs_2",
        "radiod": "radiod",
        "sops-nix": "sops-nix",
        "zen-browser": "zen-browser"
      }
    },
    "sops-nix": {
      "inputs": {
        "nixpkgs": [
          "nixpkgs"
        ]
      },
      "locked": {
        "lastModified": 1752544651,
        "narHash": "sha256-GllP7cmQu7zLZTs9z0J2gIL42IZHa9CBEXwBY9szT0U=",
        "owner": "Mic92",
        "repo": "sops-nix",
        "rev": "2c8def626f54708a9c38a5861866660395bb3461",
        "type": "github"
      },
      "original": {
        "owner": "Mic92",
        "repo": "sops-nix",
        "type": "github"
      }
    },
    "systems": {
      "locked": {
        "lastModified": 1681028828,
        "narHash": "sha256-Vy1rq5AaRuLzOxct8nz4T6wlgyUR7zLU309k9mBC768=",
        "owner": "nix-systems",
        "repo": "default",
        "rev": "da67096a3b9bf56a91d16901293e51ba5b49a27e",
        "type": "github"
      },
      "original": {
        "owner": "nix-systems",
        "repo": "default",
        "type": "github"
      }
    },
    "zen-browser": {
      "inputs": {
        "nixpkgs": [
          "nixpkgs"
        ]
      },
      "locked": {
        "lastModified": 1752293576,
        "narHash": "sha256-84tAzrC/kioWRmG0jLt1HWRP/wHON7zjLtXCwWRNI/g=",
        "owner": "youwen5",
        "repo": "zen-browser-flake",
        "rev": "1a40cdcb093a0025631ef692caa53130f821dd77",
        "type": "github"
      },
      "original": {
        "owner": "youwen5",
        "repo": "zen-browser-flake",
        "type": "github"
      }
    }
  },
  "root": "root",
  "version": 7
}
